
Microsoft Visual Studio Solution File, Format Version 12.00
# Visual Studio Version 16
VisualStudioVersion = 16.0.31729.503
MinimumVisualStudioVersion = 10.0.40219.1
Project("{FAE04EC0-301F-11D3-BF4B-00C04F79EFBC}") = "Website", "Shoping Cart Project\Website.csproj", "{830BA4B4-92F2-4F9E-9C24-D5ED537345CA}"
EndProject
Project("{FAE04EC0-301F-11D3-BF4B-00C04F79EFBC}") = "EWebsite", "EWebsite\EWebsite.csproj", "{8E64D3AE-1EBF-493B-A569-34DB2D936697}"
EndProject
Global
	GlobalSection(SolutionConfigurationPlatforms) = preSolution
		Debug|Any CPU = Debug|Any CPU
		Release|Any CPU = Release|Any CPU
	EndGlobalSection
	GlobalSection(ProjectConfigurationPlatforms) = postSolution
		{830BA4B4-92F2-4F9E-9C24-D5ED537345CA}.Debug|Any CPU.ActiveCfg = Debug|Any CPU
		{830BA4B4-92F2-4F9E-9C24-D5ED537345CA}.Debug|Any CPU.Build.0 = Debug|Any CPU
		{830BA4B4-92F2-4F9E-9C24-D5ED537345CA}.Release|Any CPU.ActiveCfg = Release|Any CPU
		{830BA4B4-92F2-4F9E-9C24-D5ED537345CA}.Release|Any CPU.Build.0 = Release|Any CPU
		{8E64D3AE-1EBF-493B-A569-34DB2D936697}.Debug|Any CPU.ActiveCfg = Debug|Any CPU
		{8E64D3AE-1EBF-493B-A569-34DB2D936697}.Debug|Any CPU.Build.0 = Debug|Any CPU
		{8E64D3AE-1EBF-493B-A569-34DB2D936697}.Release|Any CPU.ActiveCfg = Release|Any CPU
		{8E64D3AE-1EBF-493B-A569-34DB2D936697}.Release|Any CPU.Build.0 = Release|Any CPU
	EndGlobalSection
	GlobalSection(SolutionProperties) = preSolution
		HideSolutionNode = FALSE
	EndGlobalSection
	GlobalSection(ExtensibilityGlobals) = postSolution
		SolutionGuid = {73B8CAC5-0D1F-453E-B68B-E15FE59E5BF8}
	EndGlobalSection
EndGlobal
